
Microsoft Visual Studio Solution File, Format Version 12.00
# Visual Studio 14
VisualStudioVersion = 14.0.25420.1
MinimumVisualStudioVersion = 10.0.40219.1
Project("{FAE04EC0-301F-11D3-BF4B-00C04F79EFBC}") = "ejercicio10", "ejercicio10\ejercicio10.csproj", "{5AB50268-7D70-40FA-96DC-28D96F932663}"
EndProject
Global
	GlobalSection(SolutionConfigurationPlatforms) = preSolution
		Debug|Any CPU = Debug|Any CPU
		Release|Any CPU = Release|Any CPU
	EndGlobalSection
	GlobalSection(ProjectConfigurationPlatforms) = postSolution
		{5AB50268-7D70-40FA-96DC-28D96F932663}.Debug|Any CPU.ActiveCfg = Debug|Any CPU
		{5AB50268-7D70-40FA-96DC-28D96F932663}.Debug|Any CPU.Build.0 = Debug|Any CPU
		{5AB50268-7D70-40FA-96DC-28D96F932663}.Release|Any CPU.ActiveCfg = Release|Any CPU
		{5AB50268-7D70-40FA-96DC-28D96F932663}.Release|Any CPU.Build.0 = Release|Any CPU
	EndGlobalSection
	GlobalSection(SolutionProperties) = preSolution
		HideSolutionNode = FALSE
	EndGlobalSection
EndGlobal
